github.com/gorilla/websocket v1.4.1/go.mod h1:YR8l580nyteQvAITg2hZ9XVh4b55+EU/adAjf1fMHhE=
github.com/quii/learn-go-with-tests v0.0.0-20200106202400-f67c1ed47530 h1:YgPdnzjTKcSc06Wjast6DTuypdr8DjSbh4fVO/L8fY4=
github.com/quii/learn-go-with-tests v0.0.0-20200106202400-f67c1ed47530/go.mod h1:H/REprI8wpO8P7GQBU96p2Tfw6rpCakOmRdxyNWTkvY=
