github.com/gorilla/websocket v1.4.1 h1:q7AeDBpnBk8AogcD4DSag/Ukw/KV+YhzLj2bP5HvKCM=
github.com/gorilla/websocket v1.4.1/go.mod h1:YR8l580nyteQvAITg2hZ9XVh4b55+EU/adAjf1fMHhE=
github.com/lhdv/learn_go_with_tests v0.0.0-20200131185749-ab8ea2fb8b22 h1:65XduXB5Tnc0wRy0FZcOmWb8PZ1ZT5gxvYCMOSZFMHk=
github.com/lhdv/learn_go_with_tests v0.0.0-20200214194017-c811f44d179a h1:R9S7SkUGbfDACZDa8ctjdCZsfxGvEvZig+04Xb/FAfI=
github.com/lhdv/learn_go_with_tests v0.0.0-20200214201437-fe2b1dc45290 h1:JFsFdw1LOYfniG11R9gQ7Y8k0hebCconHiFjm6ErFRk=
github.com/lhdv/learn_go_with_tests v0.0.0-20200221194125-ef51dfbd69a7 h1:F2sucxb+jcGUQRpCdmXN0zoWhFJNv39ndjVnq1+ipdo=
github.com/lhdv/learn_go_with_tests v0.0.0-20200227203100-1934dc65aa68 h1:xX1ADDJkvweFw+dJqmto0SJQWU9lZ8SAnvNzPmvZ7hk=
github.com/lhdv/learn_go_with_tests v0.0.0-20200228165356-06bb6914944c h1:wgLNHBj5Gz/iaPUZyofGcsWT/lJM3jcAwakAnXbRGK4=
